
Microsoft Visual Studio Solution File, Format Version 9.00
# Visual Studio 2005
Project("{8BC9CEB8-8B4A-11D0-8D11-00A0C91BC942}") = "cc4x86", "cc4x86\src\cc4x86.vcproj", "{F1E3DDFC-CABE-4114-B0E1-7E32AA9AA5C3}"
EndProject
Project("{8BC9CEB8-8B4A-11D0-8D11-00A0C91BC942}") = "common_cc", "common_cc\src\common_cc.vcproj", "{24FAF309-B755-4928-AF48-7D00601E9702}"
EndProject
Project("{8BC9CEB8-8B4A-11D0-8D11-00A0C91BC942}") = "common_codegen", "common_codegen\src\common_codegen.vcproj", "{0AA734BB-3DC2-4059-9E10-AC18E727F148}"
EndProject
Global
	GlobalSection(SolutionConfigurationPlatforms) = preSolution
		Debug|Win32 = Debug|Win32
		Release|Win32 = Release|Win32
	EndGlobalSection
	GlobalSection(ProjectConfigurationPlatforms) = postSolution
		{F1E3DDFC-CABE-4114-B0E1-7E32AA9AA5C3}.Debug|Win32.ActiveCfg = Debug|Win32
		{F1E3DDFC-CABE-4114-B0E1-7E32AA9AA5C3}.Debug|Win32.Build.0 = Debug|Win32
		{F1E3DDFC-CABE-4114-B0E1-7E32AA9AA5C3}.Release|Win32.ActiveCfg = Release|Win32
		{F1E3DDFC-CABE-4114-B0E1-7E32AA9AA5C3}.Release|Win32.Build.0 = Release|Win32
		{24FAF309-B755-4928-AF48-7D00601E9702}.Debug|Win32.ActiveCfg = Debug|Win32
		{24FAF309-B755-4928-AF48-7D00601E9702}.Debug|Win32.Build.0 = Debug|Win32
		{24FAF309-B755-4928-AF48-7D00601E9702}.Release|Win32.ActiveCfg = Release|Win32
		{24FAF309-B755-4928-AF48-7D00601E9702}.Release|Win32.Build.0 = Release|Win32
		{0AA734BB-3DC2-4059-9E10-AC18E727F148}.Debug|Win32.ActiveCfg = Debug|Win32
		{0AA734BB-3DC2-4059-9E10-AC18E727F148}.Debug|Win32.Build.0 = Debug|Win32
		{0AA734BB-3DC2-4059-9E10-AC18E727F148}.Release|Win32.ActiveCfg = Release|Win32
		{0AA734BB-3DC2-4059-9E10-AC18E727F148}.Release|Win32.Build.0 = Release|Win32
	EndGlobalSection
	GlobalSection(SolutionProperties) = preSolution
		HideSolutionNode = FALSE
	EndGlobalSection
EndGlobal
