<?xml version="1.0" encoding="utf-8"?>
<Project ToolsVersion="4.0" xmlns="http://schemas.microsoft.com/developer/msbuild/2003">
  <ItemGroup>
    <Filter Include="Source Files">
      <UniqueIdentifier>{9669f48d-6070-420f-80f1-67678d560a98}</UniqueIdentifier>
      <Extensions>cpp;c;cxx;def;odl;idl;hpj;bat;asm</Extensions>
    </Filter>
    <Filter Include="Header Files">
      <UniqueIdentifier>{91b182ff-4569-441b-b5cc-5aaea0296039}</UniqueIdentifier>
      <Extensions>h;hpp;hxx;hm;inl;inc</Extensions>
    </Filter>
  </ItemGroup>
  <ItemGroup>
    <ClCompile Include="ccl.c">
      <Filter>Source Files</Filter>
    </ClCompile>
    <ClCompile Include="dfa.c">
      <Filter>Source Files</Filter>
    </ClCompile>
    <ClCompile Include="ecs.c">
      <Filter>Source Files</Filter>
    </ClCompile>
    <ClCompile Include="gen.c">
      <Filter>Source Files</Filter>
    </ClCompile>
    <ClCompile Include="initscan.c">
      <Filter>Source Files</Filter>
    </ClCompile>
    <ClCompile Include="main.c">
      <Filter>Source Files</Filter>
    </ClCompile>
    <ClCompile Include="misc.c">
      <Filter>Source Files</Filter>
    </ClCompile>
    <ClCompile Include="nfa.c">
      <Filter>Source Files</Filter>
    </ClCompile>
    <ClCompile Include="parse.c">
      <Filter>Source Files</Filter>
    </ClCompile>
    <ClCompile Include="skel.c">
      <Filter>Source Files</Filter>
    </ClCompile>
    <ClCompile Include="sym.c">
      <Filter>Source Files</Filter>
    </ClCompile>
    <ClCompile Include="tblcmp.c">
      <Filter>Source Files</Filter>
    </ClCompile>
    <ClCompile Include="yylex.c">
      <Filter>Source Files</Filter>
    </ClCompile>
  </ItemGroup>
  <ItemGroup>
    <ClInclude Include="config.h">
      <Filter>Header Files</Filter>
    </ClInclude>
    <ClInclude Include="flexdef.h">
      <Filter>Header Files</Filter>
    </ClInclude>
    <ClInclude Include="FlexLexer.h">
      <Filter>Header Files</Filter>
    </ClInclude>
    <ClInclude Include="parse.h">
      <Filter>Header Files</Filter>
    </ClInclude>
    <ClInclude Include="version.h">
      <Filter>Header Files</Filter>
    </ClInclude>
  </ItemGroup>
</Project>