Microsoft Visual Studio Solution File, Format Version 9.00
# Visual Studio 2005
Project("{8BC9CEB8-8B4A-11D0-8D11-00A0C91BC942}") = "flex", "flex.vcproj", "{A951F524-FC4B-4B4F-B928-3540F747625F}"
EndProject
Global
	GlobalSection(SolutionConfigurationPlatforms) = preSolution
		Debug|Win32 = Debug|Win32
		Release|Win32 = Release|Win32
	EndGlobalSection
	GlobalSection(ProjectConfigurationPlatforms) = postSolution
		{A951F524-FC4B-4B4F-B928-3540F747625F}.Debug|Win32.ActiveCfg = Debug|Win32
		{A951F524-FC4B-4B4F-B928-3540F747625F}.Debug|Win32.Build.0 = Debug|Win32
		{A951F524-FC4B-4B4F-B928-3540F747625F}.Release|Win32.ActiveCfg = Release|Win32
		{A951F524-FC4B-4B4F-B928-3540F747625F}.Release|Win32.Build.0 = Release|Win32
	EndGlobalSection
	GlobalSection(SolutionProperties) = preSolution
		HideSolutionNode = FALSE
	EndGlobalSection
EndGlobal
