<?xml version="1.0" encoding="utf-8"?>
<Project ToolsVersion="4.0" xmlns="http://schemas.microsoft.com/developer/msbuild/2003">
  <ItemGroup>
    <Filter Include="Source Files">
      <UniqueIdentifier>{2419e771-92ea-47e5-a8e1-54ff5c60f74d}</UniqueIdentifier>
      <Extensions>cpp;c;cxx;def;odl;idl;hpj;bat;asm</Extensions>
    </Filter>
    <Filter Include="Header Files">
      <UniqueIdentifier>{fcac0746-f7c6-490c-b3bf-66c58299e565}</UniqueIdentifier>
      <Extensions>h;hpp;hxx;hm;inl;inc</Extensions>
    </Filter>
  </ItemGroup>
  <ItemGroup>
    <ClCompile Include="allocate.c">
      <Filter>Source Files</Filter>
    </ClCompile>
    <ClCompile Include="closure.c">
      <Filter>Source Files</Filter>
    </ClCompile>
    <ClCompile Include="conflicts.c">
      <Filter>Source Files</Filter>
    </ClCompile>
    <ClCompile Include="derives.c">
      <Filter>Source Files</Filter>
    </ClCompile>
    <ClCompile Include="files.c">
      <Filter>Source Files</Filter>
    </ClCompile>
    <ClCompile Include="getargs.c">
      <Filter>Source Files</Filter>
    </ClCompile>
    <ClCompile Include="getopt.c">
      <Filter>Source Files</Filter>
    </ClCompile>
    <ClCompile Include="getopt1.c">
      <Filter>Source Files</Filter>
    </ClCompile>
    <ClCompile Include="gram.c">
      <Filter>Source Files</Filter>
    </ClCompile>
    <ClCompile Include="lalr.c">
      <Filter>Source Files</Filter>
    </ClCompile>
    <ClCompile Include="lex.c">
      <Filter>Source Files</Filter>
    </ClCompile>
    <ClCompile Include="LR0.c">
      <Filter>Source Files</Filter>
    </ClCompile>
    <ClCompile Include="main.c">
      <Filter>Source Files</Filter>
    </ClCompile>
    <ClCompile Include="nullable.c">
      <Filter>Source Files</Filter>
    </ClCompile>
    <ClCompile Include="output.c">
      <Filter>Source Files</Filter>
    </ClCompile>
    <ClCompile Include="print.c">
      <Filter>Source Files</Filter>
    </ClCompile>
    <ClCompile Include="reader.c">
      <Filter>Source Files</Filter>
    </ClCompile>
    <ClCompile Include="reduce.c">
      <Filter>Source Files</Filter>
    </ClCompile>
    <ClCompile Include="symtab.c">
      <Filter>Source Files</Filter>
    </ClCompile>
    <ClCompile Include="warshall.c">
      <Filter>Source Files</Filter>
    </ClCompile>
  </ItemGroup>
  <ItemGroup>
    <ClInclude Include="alloc.h">
      <Filter>Header Files</Filter>
    </ClInclude>
    <ClInclude Include="files.h">
      <Filter>Header Files</Filter>
    </ClInclude>
    <ClInclude Include="getopt.h">
      <Filter>Header Files</Filter>
    </ClInclude>
    <ClInclude Include="gram.h">
      <Filter>Header Files</Filter>
    </ClInclude>
    <ClInclude Include="lex.h">
      <Filter>Header Files</Filter>
    </ClInclude>
    <ClInclude Include="machine.h">
      <Filter>Header Files</Filter>
    </ClInclude>
    <ClInclude Include="state.h">
      <Filter>Header Files</Filter>
    </ClInclude>
    <ClInclude Include="symtab.h">
      <Filter>Header Files</Filter>
    </ClInclude>
    <ClInclude Include="system.h">
      <Filter>Header Files</Filter>
    </ClInclude>
    <ClInclude Include="types.h">
      <Filter>Header Files</Filter>
    </ClInclude>
  </ItemGroup>
</Project>