<?xml version="1.0" encoding="utf-8"?>
<Project ToolsVersion="4.0" xmlns="http://schemas.microsoft.com/developer/msbuild/2003">
  <ItemGroup>
    <Filter Include="Source Files">
      <UniqueIdentifier>{4FC737F1-C7A5-4376-A066-2A32D752A2FF}</UniqueIdentifier>
      <Extensions>cpp;c;cc;cxx;def;odl;idl;hpj;bat;asm;asmx</Extensions>
    </Filter>
    <Filter Include="Header Files">
      <UniqueIdentifier>{93995380-89BD-4b04-88EB-625FBE52EBFB}</UniqueIdentifier>
      <Extensions>h;hpp;hxx;hm;inl;inc;xsd</Extensions>
    </Filter>
  </ItemGroup>
  <ItemGroup>
    <ClCompile Include="src\allocator.c">
      <Filter>Source Files</Filter>
    </ClCompile>
    <ClCompile Include="src\common.c">
      <Filter>Source Files</Filter>
    </ClCompile>
    <ClCompile Include="src\expressions.c">
      <Filter>Source Files</Filter>
    </ClCompile>
    <ClCompile Include="src\hash_table.c">
      <Filter>Source Files</Filter>
    </ClCompile>
    <ClCompile Include="src\keywords.c">
      <Filter>Source Files</Filter>
    </ClCompile>
    <ClCompile Include="src\keywords_hash.c">
      <Filter>Source Files</Filter>
    </ClCompile>
    <ClCompile Include="src\lexer.c">
      <Filter>Source Files</Filter>
    </ClCompile>
    <ClCompile Include="src\lexer_actions.c">
      <Filter>Source Files</Filter>
    </ClCompile>
    <ClCompile Include="src\main.c">
      <Filter>Source Files</Filter>
    </ClCompile>
    <ClCompile Include="src\parser.c">
      <Filter>Source Files</Filter>
    </ClCompile>
    <ClCompile Include="src\parser_actions.c">
      <Filter>Source Files</Filter>
    </ClCompile>
    <ClCompile Include="src\symbol_table.c">
      <Filter>Source Files</Filter>
    </ClCompile>
    <ClCompile Include="src\types.c">
      <Filter>Source Files</Filter>
    </ClCompile>
    <ClCompile Include="src\unit.c">
      <Filter>Source Files</Filter>
    </ClCompile>
    <ClCompile Include="src\xml_dump.c">
      <Filter>Source Files</Filter>
    </ClCompile>
  </ItemGroup>
  <ItemGroup>
    <ClInclude Include="headers\allocator.h">
      <Filter>Header Files</Filter>
    </ClInclude>
    <ClInclude Include="headers\common.h">
      <Filter>Header Files</Filter>
    </ClInclude>
    <ClInclude Include="headers\expressions.h">
      <Filter>Header Files</Filter>
    </ClInclude>
    <ClInclude Include="headers\hash_table.h">
      <Filter>Header Files</Filter>
    </ClInclude>
    <ClInclude Include="headers\keywords.h">
      <Filter>Header Files</Filter>
    </ClInclude>
    <ClInclude Include="headers\keywords_hash.h">
      <Filter>Header Files</Filter>
    </ClInclude>
    <ClInclude Include="headers\lexer_actions.h">
      <Filter>Header Files</Filter>
    </ClInclude>
    <ClInclude Include="headers\parser.h">
      <Filter>Header Files</Filter>
    </ClInclude>
    <ClInclude Include="headers\parser_actions.h">
      <Filter>Header Files</Filter>
    </ClInclude>
    <ClInclude Include="headers\parser_codes.h">
      <Filter>Header Files</Filter>
    </ClInclude>
    <ClInclude Include="headers\symbol_table.h">
      <Filter>Header Files</Filter>
    </ClInclude>
    <ClInclude Include="headers\types.h">
      <Filter>Header Files</Filter>
    </ClInclude>
    <ClInclude Include="headers\unit.h">
      <Filter>Header Files</Filter>
    </ClInclude>
    <ClInclude Include="headers\xml_dump.h">
      <Filter>Header Files</Filter>
    </ClInclude>
  </ItemGroup>
</Project>