<?xml version="1.0" encoding="utf-8"?>
<Project ToolsVersion="4.0" xmlns="http://schemas.microsoft.com/developer/msbuild/2003">
  <ItemGroup>
    <Filter Include="Source Files">
      <UniqueIdentifier>{4FC737F1-C7A5-4376-A066-2A32D752A2FF}</UniqueIdentifier>
      <Extensions>cpp;c;cc;cxx;def;odl;idl;hpj;bat;asm;asmx</Extensions>
    </Filter>
    <Filter Include="Header Files">
      <UniqueIdentifier>{93995380-89BD-4b04-88EB-625FBE52EBFB}</UniqueIdentifier>
      <Extensions>h;hpp;hxx;hm;inl;inc;xsd</Extensions>
    </Filter>
  </ItemGroup>
  <ItemGroup>
    <ClCompile Include="src\x86_bincode.c">
      <Filter>Source Files</Filter>
    </ClCompile>
    <ClCompile Include="src\x86_codegen.c">
      <Filter>Source Files</Filter>
    </ClCompile>
    <ClCompile Include="src\x86_data.c">
      <Filter>Source Files</Filter>
    </ClCompile>
    <ClCompile Include="src\x86_inlining.c">
      <Filter>Source Files</Filter>
    </ClCompile>
    <ClCompile Include="src\x86_intrinsics.c">
      <Filter>Source Files</Filter>
    </ClCompile>
    <ClCompile Include="src\x86_opt_data_flow.c">
      <Filter>Source Files</Filter>
    </ClCompile>
    <ClCompile Include="src\x86_regalloc.c">
      <Filter>Source Files</Filter>
    </ClCompile>
    <ClCompile Include="src\x86_stack_frame.c">
      <Filter>Source Files</Filter>
    </ClCompile>
    <ClCompile Include="src\x86_text_output.c">
      <Filter>Source Files</Filter>
    </ClCompile>
    <ClCompile Include="src\x86_opt_local.c">
      <Filter>Source Files</Filter>
    </ClCompile>
    <ClCompile Include="src\x86_opt_caching.c">
      <Filter>Source Files</Filter>
    </ClCompile>
  </ItemGroup>
  <ItemGroup>
    <ClInclude Include="headers\x86_bincode.h">
      <Filter>Header Files</Filter>
    </ClInclude>
    <ClInclude Include="headers\x86_codegen.h">
      <Filter>Header Files</Filter>
    </ClInclude>
    <ClInclude Include="headers\x86_data.h">
      <Filter>Header Files</Filter>
    </ClInclude>
    <ClInclude Include="headers\x86_inlining.h">
      <Filter>Header Files</Filter>
    </ClInclude>
    <ClInclude Include="headers\x86_intrinsics.h">
      <Filter>Header Files</Filter>
    </ClInclude>
    <ClInclude Include="headers\x86_opt_data_flow.h">
      <Filter>Header Files</Filter>
    </ClInclude>
    <ClInclude Include="headers\x86_optimizer.h">
      <Filter>Header Files</Filter>
    </ClInclude>
    <ClInclude Include="headers\x86_regalloc.h">
      <Filter>Header Files</Filter>
    </ClInclude>
    <ClInclude Include="headers\x86_stack_frame.h">
      <Filter>Header Files</Filter>
    </ClInclude>
    <ClInclude Include="headers\x86_text_output.h">
      <Filter>Header Files</Filter>
    </ClInclude>
  </ItemGroup>
  <ItemGroup>
    <None Include="src\x86_opt_data_flow_inc.h">
      <Filter>Header Files</Filter>
    </None>
  </ItemGroup>
</Project>