
Microsoft Visual Studio Solution File, Format Version 12.00
# Visual Studio 2012
Project("{8BC9CEB8-8B4A-11D0-8D11-00A0C91BC942}") = "rasterizer_cc", "rasterizer_cc.vcxproj", "{4F84ECF0-5019-4C42-9115-15007A976E58}"
EndProject
Global
	GlobalSection(SolutionConfigurationPlatforms) = preSolution
		Debug|Win32 = Debug|Win32
		Release|Win32 = Release|Win32
	EndGlobalSection
	GlobalSection(ProjectConfigurationPlatforms) = postSolution
		{4F84ECF0-5019-4C42-9115-15007A976E58}.Debug|Win32.ActiveCfg = Debug|Win32
		{4F84ECF0-5019-4C42-9115-15007A976E58}.Debug|Win32.Build.0 = Debug|Win32
		{4F84ECF0-5019-4C42-9115-15007A976E58}.Release|Win32.ActiveCfg = Release|Win32
		{4F84ECF0-5019-4C42-9115-15007A976E58}.Release|Win32.Build.0 = Release|Win32
	EndGlobalSection
	GlobalSection(SolutionProperties) = preSolution
		HideSolutionNode = FALSE
	EndGlobalSection
	GlobalSection(Performance) = preSolution
		HasPerformanceSessions = true
	EndGlobalSection
EndGlobal
