
Microsoft Visual Studio Solution File, Format Version 11.00
# Visual Studio 2010
Project("{8BC9CEB8-8B4A-11D0-8D11-00A0C91BC942}") = "bison", "gnu_bison\src\bison.vcxproj", "{39053EC9-FC34-40FD-A0F4-6B86A0100925}"
EndProject
Project("{8BC9CEB8-8B4A-11D0-8D11-00A0C91BC942}") = "flex", "gnu_flex\src\flex.vcxproj", "{A951F524-FC4B-4B4F-B928-3540F747625F}"
EndProject
Project("{8BC9CEB8-8B4A-11D0-8D11-00A0C91BC942}") = "hash_searcher_old", "hash_searcher\src\hash_searcher_old.vcxproj", "{44A6AAB0-BB20-4AED-9BA2-2489E2CE4FBE}"
EndProject
Project("{8BC9CEB8-8B4A-11D0-8D11-00A0C91BC942}") = "hash_table", "hash_table\src\hash_table.vcxproj", "{8D74E624-D1AD-41DA-8B8D-132FD052DF31}"
EndProject
Global
	GlobalSection(SolutionConfigurationPlatforms) = preSolution
		Debug|Win32 = Debug|Win32
		Release|Win32 = Release|Win32
	EndGlobalSection
	GlobalSection(ProjectConfigurationPlatforms) = postSolution
		{39053EC9-FC34-40FD-A0F4-6B86A0100925}.Debug|Win32.ActiveCfg = Debug|Win32
		{39053EC9-FC34-40FD-A0F4-6B86A0100925}.Debug|Win32.Build.0 = Debug|Win32
		{39053EC9-FC34-40FD-A0F4-6B86A0100925}.Release|Win32.ActiveCfg = Release|Win32
		{39053EC9-FC34-40FD-A0F4-6B86A0100925}.Release|Win32.Build.0 = Release|Win32
		{A951F524-FC4B-4B4F-B928-3540F747625F}.Debug|Win32.ActiveCfg = Debug|Win32
		{A951F524-FC4B-4B4F-B928-3540F747625F}.Debug|Win32.Build.0 = Debug|Win32
		{A951F524-FC4B-4B4F-B928-3540F747625F}.Release|Win32.ActiveCfg = Release|Win32
		{A951F524-FC4B-4B4F-B928-3540F747625F}.Release|Win32.Build.0 = Release|Win32
		{44A6AAB0-BB20-4AED-9BA2-2489E2CE4FBE}.Debug|Win32.ActiveCfg = Debug|Win32
		{44A6AAB0-BB20-4AED-9BA2-2489E2CE4FBE}.Debug|Win32.Build.0 = Debug|Win32
		{44A6AAB0-BB20-4AED-9BA2-2489E2CE4FBE}.Release|Win32.ActiveCfg = Release|Win32
		{44A6AAB0-BB20-4AED-9BA2-2489E2CE4FBE}.Release|Win32.Build.0 = Release|Win32
		{8D74E624-D1AD-41DA-8B8D-132FD052DF31}.Debug|Win32.ActiveCfg = Debug|Win32
		{8D74E624-D1AD-41DA-8B8D-132FD052DF31}.Debug|Win32.Build.0 = Debug|Win32
		{8D74E624-D1AD-41DA-8B8D-132FD052DF31}.Release|Win32.ActiveCfg = Release|Win32
		{8D74E624-D1AD-41DA-8B8D-132FD052DF31}.Release|Win32.Build.0 = Release|Win32
	EndGlobalSection
	GlobalSection(SolutionProperties) = preSolution
		HideSolutionNode = FALSE
	EndGlobalSection
EndGlobal
